
Microsoft Visual Studio Solution File, Format Version 12.00
# Visual Studio 14
VisualStudioVersion = 14.0.25123.0
MinimumVisualStudioVersion = 10.0.40219.1
Project("{2150E333-8FDC-42A3-9474-1A3956D46DE8}") = "Solution Items", "Solution Items", "{70B75057-B250-478E-8952-9F55E8EB9732}"
	ProjectSection(SolutionItems) = preProject
		..\README.md = ..\README.md
	EndProjectSection
EndProject
Project("{2150E333-8FDC-42A3-9474-1A3956D46DE8}") = "UnitTests", "UnitTests", "{D84311EA-513C-436D-9066-9D93415E395F}"
EndProject
Project("{FAE04EC0-301F-11D3-BF4B-00C04F79EFBC}") = "WinUX.UWP.Validation", "WinUX.UWP.Validation\WinUX.UWP.Validation.csproj", "{D8CE4EA6-0F2E-42D7-B8B1-4254EF6F5412}"
EndProject
Project("{FAE04EC0-301F-11D3-BF4B-00C04F79EFBC}") = "WinUX.UWP.Core", "WinUX.UWP.Core\WinUX.UWP.Core.csproj", "{C6216E8D-F810-49C8-99E5-320350FDB3F2}"
EndProject
Project("{FAE04EC0-301F-11D3-BF4B-00C04F79EFBC}") = "WinUX.UWP.Behaviors", "WinUX.UWP.Behaviors\WinUX.UWP.Behaviors.csproj", "{198BCC8D-AE93-4836-8F2D-17D837E6D0B2}"
EndProject
Project("{FAE04EC0-301F-11D3-BF4B-00C04F79EFBC}") = "WinUX.UWP.ValueConverters", "WinUX.UWP.ValueConverters\WinUX.UWP.ValueConverters.csproj", "{F77C5AE3-4028-4AD7-A4D2-2CB4FCA60032}"
EndProject
Project("{FAE04EC0-301F-11D3-BF4B-00C04F79EFBC}") = "WinUX.UWP.StateTriggers", "WinUX.UWP.StateTriggers\WinUX.UWP.StateTriggers.csproj", "{EFA1ED9E-AC60-4A9E-B5D7-EFEECCE11CEF}"
EndProject
Project("{FAE04EC0-301F-11D3-BF4B-00C04F79EFBC}") = "WinUX.Common", "WinUX.Common\WinUX.Common.csproj", "{E92F28CC-FA17-4794-AD4C-D4FCF0B27D16}"
EndProject
Project("{FAE04EC0-301F-11D3-BF4B-00C04F79EFBC}") = "WinUX.Sample", "WinUX.Sample\WinUX.Sample.csproj", "{903A07DF-091F-4E1F-94B1-EEA60261057B}"
EndProject
Project("{FAE04EC0-301F-11D3-BF4B-00C04F79EFBC}") = "WinUX.UWP", "WinUX.UWP\WinUX.UWP.csproj", "{9EBF54FD-4EBF-4F49-96A6-69279A2D8DDF}"
EndProject
Global
	GlobalSection(SolutionConfigurationPlatforms) = preSolution
		Debug|Any CPU = Debug|Any CPU
		Debug|ARM = Debug|ARM
		Debug|x64 = Debug|x64
		Debug|x86 = Debug|x86
		Release|Any CPU = Release|Any CPU
		Release|ARM = Release|ARM
		Release|x64 = Release|x64
		Release|x86 = Release|x86
	EndGlobalSection
	GlobalSection(ProjectConfigurationPlatforms) = postSolution
		{D8CE4EA6-0F2E-42D7-B8B1-4254EF6F5412}.Debug|Any CPU.ActiveCfg = Debug|Any CPU
		{D8CE4EA6-0F2E-42D7-B8B1-4254EF6F5412}.Debug|Any CPU.Build.0 = Debug|Any CPU
		{D8CE4EA6-0F2E-42D7-B8B1-4254EF6F5412}.Debug|ARM.ActiveCfg = Debug|ARM
		{D8CE4EA6-0F2E-42D7-B8B1-4254EF6F5412}.Debug|ARM.Build.0 = Debug|ARM
		{D8CE4EA6-0F2E-42D7-B8B1-4254EF6F5412}.Debug|x64.ActiveCfg = Debug|x64
		{D8CE4EA6-0F2E-42D7-B8B1-4254EF6F5412}.Debug|x64.Build.0 = Debug|x64
		{D8CE4EA6-0F2E-42D7-B8B1-4254EF6F5412}.Debug|x86.ActiveCfg = Debug|x86
		{D8CE4EA6-0F2E-42D7-B8B1-4254EF6F5412}.Debug|x86.Build.0 = Debug|x86
		{D8CE4EA6-0F2E-42D7-B8B1-4254EF6F5412}.Release|Any CPU.ActiveCfg = Release|Any CPU
		{D8CE4EA6-0F2E-42D7-B8B1-4254EF6F5412}.Release|Any CPU.Build.0 = Release|Any CPU
		{D8CE4EA6-0F2E-42D7-B8B1-4254EF6F5412}.Release|ARM.ActiveCfg = Release|ARM
		{D8CE4EA6-0F2E-42D7-B8B1-4254EF6F5412}.Release|ARM.Build.0 = Release|ARM
		{D8CE4EA6-0F2E-42D7-B8B1-4254EF6F5412}.Release|x64.ActiveCfg = Release|x64
		{D8CE4EA6-0F2E-42D7-B8B1-4254EF6F5412}.Release|x64.Build.0 = Release|x64
		{D8CE4EA6-0F2E-42D7-B8B1-4254EF6F5412}.Release|x86.ActiveCfg = Release|x86
		{D8CE4EA6-0F2E-42D7-B8B1-4254EF6F5412}.Release|x86.Build.0 = Release|x86
		{C6216E8D-F810-49C8-99E5-320350FDB3F2}.Debug|Any CPU.ActiveCfg = Debug|Any CPU
		{C6216E8D-F810-49C8-99E5-320350FDB3F2}.Debug|Any CPU.Build.0 = Debug|Any CPU
		{C6216E8D-F810-49C8-99E5-320350FDB3F2}.Debug|ARM.ActiveCfg = Debug|ARM
		{C6216E8D-F810-49C8-99E5-320350FDB3F2}.Debug|ARM.Build.0 = Debug|ARM
		{C6216E8D-F810-49C8-99E5-320350FDB3F2}.Debug|x64.ActiveCfg = Debug|x64
		{C6216E8D-F810-49C8-99E5-320350FDB3F2}.Debug|x64.Build.0 = Debug|x64
		{C6216E8D-F810-49C8-99E5-320350FDB3F2}.Debug|x86.ActiveCfg = Debug|x86
		{C6216E8D-F810-49C8-99E5-320350FDB3F2}.Debug|x86.Build.0 = Debug|x86
		{C6216E8D-F810-49C8-99E5-320350FDB3F2}.Release|Any CPU.ActiveCfg = Release|Any CPU
		{C6216E8D-F810-49C8-99E5-320350FDB3F2}.Release|Any CPU.Build.0 = Release|Any CPU
		{C6216E8D-F810-49C8-99E5-320350FDB3F2}.Release|ARM.ActiveCfg = Release|ARM
		{C6216E8D-F810-49C8-99E5-320350FDB3F2}.Release|ARM.Build.0 = Release|ARM
		{C6216E8D-F810-49C8-99E5-320350FDB3F2}.Release|x64.ActiveCfg = Release|x64
		{C6216E8D-F810-49C8-99E5-320350FDB3F2}.Release|x64.Build.0 = Release|x64
		{C6216E8D-F810-49C8-99E5-320350FDB3F2}.Release|x86.ActiveCfg = Release|x86
		{C6216E8D-F810-49C8-99E5-320350FDB3F2}.Release|x86.Build.0 = Release|x86
		{198BCC8D-AE93-4836-8F2D-17D837E6D0B2}.Debug|Any CPU.ActiveCfg = Debug|Any CPU
		{198BCC8D-AE93-4836-8F2D-17D837E6D0B2}.Debug|Any CPU.Build.0 = Debug|Any CPU
		{198BCC8D-AE93-4836-8F2D-17D837E6D0B2}.Debug|ARM.ActiveCfg = Debug|ARM
		{198BCC8D-AE93-4836-8F2D-17D837E6D0B2}.Debug|ARM.Build.0 = Debug|ARM
		{198BCC8D-AE93-4836-8F2D-17D837E6D0B2}.Debug|x64.ActiveCfg = Debug|x64
		{198BCC8D-AE93-4836-8F2D-17D837E6D0B2}.Debug|x64.Build.0 = Debug|x64
		{198BCC8D-AE93-4836-8F2D-17D837E6D0B2}.Debug|x86.ActiveCfg = Debug|x86
		{198BCC8D-AE93-4836-8F2D-17D837E6D0B2}.Debug|x86.Build.0 = Debug|x86
		{198BCC8D-AE93-4836-8F2D-17D837E6D0B2}.Release|Any CPU.ActiveCfg = Release|Any CPU
		{198BCC8D-AE93-4836-8F2D-17D837E6D0B2}.Release|Any CPU.Build.0 = Release|Any CPU
		{198BCC8D-AE93-4836-8F2D-17D837E6D0B2}.Release|ARM.ActiveCfg = Release|ARM
		{198BCC8D-AE93-4836-8F2D-17D837E6D0B2}.Release|ARM.Build.0 = Release|ARM
		{198BCC8D-AE93-4836-8F2D-17D837E6D0B2}.Release|x64.ActiveCfg = Release|x64
		{198BCC8D-AE93-4836-8F2D-17D837E6D0B2}.Release|x64.Build.0 = Release|x64
		{198BCC8D-AE93-4836-8F2D-17D837E6D0B2}.Release|x86.ActiveCfg = Release|x86
		{198BCC8D-AE93-4836-8F2D-17D837E6D0B2}.Release|x86.Build.0 = Release|x86
		{F77C5AE3-4028-4AD7-A4D2-2CB4FCA60032}.Debug|Any CPU.ActiveCfg = Debug|Any CPU
		{F77C5AE3-4028-4AD7-A4D2-2CB4FCA60032}.Debug|Any CPU.Build.0 = Debug|Any CPU
		{F77C5AE3-4028-4AD7-A4D2-2CB4FCA60032}.Debug|ARM.ActiveCfg = Debug|ARM
		{F77C5AE3-4028-4AD7-A4D2-2CB4FCA60032}.Debug|ARM.Build.0 = Debug|ARM
		{F77C5AE3-4028-4AD7-A4D2-2CB4FCA60032}.Debug|x64.ActiveCfg = Debug|x64
		{F77C5AE3-4028-4AD7-A4D2-2CB4FCA60032}.Debug|x64.Build.0 = Debug|x64
		{F77C5AE3-4028-4AD7-A4D2-2CB4FCA60032}.Debug|x86.ActiveCfg = Debug|x86
		{F77C5AE3-4028-4AD7-A4D2-2CB4FCA60032}.Debug|x86.Build.0 = Debug|x86
		{F77C5AE3-4028-4AD7-A4D2-2CB4FCA60032}.Release|Any CPU.ActiveCfg = Release|Any CPU
		{F77C5AE3-4028-4AD7-A4D2-2CB4FCA60032}.Release|Any CPU.Build.0 = Release|Any CPU
		{F77C5AE3-4028-4AD7-A4D2-2CB4FCA60032}.Release|ARM.ActiveCfg = Release|ARM
		{F77C5AE3-4028-4AD7-A4D2-2CB4FCA60032}.Release|ARM.Build.0 = Release|ARM
		{F77C5AE3-4028-4AD7-A4D2-2CB4FCA60032}.Release|x64.ActiveCfg = Release|x64
		{F77C5AE3-4028-4AD7-A4D2-2CB4FCA60032}.Release|x64.Build.0 = Release|x64
		{F77C5AE3-4028-4AD7-A4D2-2CB4FCA60032}.Release|x86.ActiveCfg = Release|x86
		{F77C5AE3-4028-4AD7-A4D2-2CB4FCA60032}.Release|x86.Build.0 = Release|x86
		{EFA1ED9E-AC60-4A9E-B5D7-EFEECCE11CEF}.Debug|Any CPU.ActiveCfg = Debug|Any CPU
		{EFA1ED9E-AC60-4A9E-B5D7-EFEECCE11CEF}.Debug|Any CPU.Build.0 = Debug|Any CPU
		{EFA1ED9E-AC60-4A9E-B5D7-EFEECCE11CEF}.Debug|ARM.ActiveCfg = Debug|ARM
		{EFA1ED9E-AC60-4A9E-B5D7-EFEECCE11CEF}.Debug|ARM.Build.0 = Debug|ARM
		{EFA1ED9E-AC60-4A9E-B5D7-EFEECCE11CEF}.Debug|x64.ActiveCfg = Debug|x64
		{EFA1ED9E-AC60-4A9E-B5D7-EFEECCE11CEF}.Debug|x64.Build.0 = Debug|x64
		{EFA1ED9E-AC60-4A9E-B5D7-EFEECCE11CEF}.Debug|x86.ActiveCfg = Debug|x86
		{EFA1ED9E-AC60-4A9E-B5D7-EFEECCE11CEF}.Debug|x86.Build.0 = Debug|x86
		{EFA1ED9E-AC60-4A9E-B5D7-EFEECCE11CEF}.Release|Any CPU.ActiveCfg = Release|Any CPU
		{EFA1ED9E-AC60-4A9E-B5D7-EFEECCE11CEF}.Release|Any CPU.Build.0 = Release|Any CPU
		{EFA1ED9E-AC60-4A9E-B5D7-EFEECCE11CEF}.Release|ARM.ActiveCfg = Release|ARM
		{EFA1ED9E-AC60-4A9E-B5D7-EFEECCE11CEF}.Release|ARM.Build.0 = Release|ARM
		{EFA1ED9E-AC60-4A9E-B5D7-EFEECCE11CEF}.Release|x64.ActiveCfg = Release|x64
		{EFA1ED9E-AC60-4A9E-B5D7-EFEECCE11CEF}.Release|x64.Build.0 = Release|x64
		{EFA1ED9E-AC60-4A9E-B5D7-EFEECCE11CEF}.Release|x86.ActiveCfg = Release|x86
		{EFA1ED9E-AC60-4A9E-B5D7-EFEECCE11CEF}.Release|x86.Build.0 = Release|x86
		{E92F28CC-FA17-4794-AD4C-D4FCF0B27D16}.Debug|Any CPU.ActiveCfg = Debug|Any CPU
		{E92F28CC-FA17-4794-AD4C-D4FCF0B27D16}.Debug|Any CPU.Build.0 = Debug|Any CPU
		{E92F28CC-FA17-4794-AD4C-D4FCF0B27D16}.Debug|ARM.ActiveCfg = Debug|Any CPU
		{E92F28CC-FA17-4794-AD4C-D4FCF0B27D16}.Debug|ARM.Build.0 = Debug|Any CPU
		{E92F28CC-FA17-4794-AD4C-D4FCF0B27D16}.Debug|x64.ActiveCfg = Debug|Any CPU
		{E92F28CC-FA17-4794-AD4C-D4FCF0B27D16}.Debug|x64.Build.0 = Debug|Any CPU
		{E92F28CC-FA17-4794-AD4C-D4FCF0B27D16}.Debug|x86.ActiveCfg = Debug|Any CPU
		{E92F28CC-FA17-4794-AD4C-D4FCF0B27D16}.Debug|x86.Build.0 = Debug|Any CPU
		{E92F28CC-FA17-4794-AD4C-D4FCF0B27D16}.Release|Any CPU.ActiveCfg = Release|Any CPU
		{E92F28CC-FA17-4794-AD4C-D4FCF0B27D16}.Release|Any CPU.Build.0 = Release|Any CPU
		{E92F28CC-FA17-4794-AD4C-D4FCF0B27D16}.Release|ARM.ActiveCfg = Release|Any CPU
		{E92F28CC-FA17-4794-AD4C-D4FCF0B27D16}.Release|ARM.Build.0 = Release|Any CPU
		{E92F28CC-FA17-4794-AD4C-D4FCF0B27D16}.Release|x64.ActiveCfg = Release|Any CPU
		{E92F28CC-FA17-4794-AD4C-D4FCF0B27D16}.Release|x64.Build.0 = Release|Any CPU
		{E92F28CC-FA17-4794-AD4C-D4FCF0B27D16}.Release|x86.ActiveCfg = Release|Any CPU
		{E92F28CC-FA17-4794-AD4C-D4FCF0B27D16}.Release|x86.Build.0 = Release|Any CPU
		{903A07DF-091F-4E1F-94B1-EEA60261057B}.Debug|Any CPU.ActiveCfg = Debug|x86
		{903A07DF-091F-4E1F-94B1-EEA60261057B}.Debug|ARM.ActiveCfg = Debug|ARM
		{903A07DF-091F-4E1F-94B1-EEA60261057B}.Debug|ARM.Build.0 = Debug|ARM
		{903A07DF-091F-4E1F-94B1-EEA60261057B}.Debug|ARM.Deploy.0 = Debug|ARM
		{903A07DF-091F-4E1F-94B1-EEA60261057B}.Debug|x64.ActiveCfg = Debug|x64
		{903A07DF-091F-4E1F-94B1-EEA60261057B}.Debug|x64.Build.0 = Debug|x64
		{903A07DF-091F-4E1F-94B1-EEA60261057B}.Debug|x64.Deploy.0 = Debug|x64
		{903A07DF-091F-4E1F-94B1-EEA60261057B}.Debug|x86.ActiveCfg = Debug|x86
		{903A07DF-091F-4E1F-94B1-EEA60261057B}.Debug|x86.Build.0 = Debug|x86
		{903A07DF-091F-4E1F-94B1-EEA60261057B}.Debug|x86.Deploy.0 = Debug|x86
		{903A07DF-091F-4E1F-94B1-EEA60261057B}.Release|Any CPU.ActiveCfg = Release|x86
		{903A07DF-091F-4E1F-94B1-EEA60261057B}.Release|ARM.ActiveCfg = Release|ARM
		{903A07DF-091F-4E1F-94B1-EEA60261057B}.Release|ARM.Build.0 = Release|ARM
		{903A07DF-091F-4E1F-94B1-EEA60261057B}.Release|ARM.Deploy.0 = Release|ARM
		{903A07DF-091F-4E1F-94B1-EEA60261057B}.Release|x64.ActiveCfg = Release|x64
		{903A07DF-091F-4E1F-94B1-EEA60261057B}.Release|x64.Build.0 = Release|x64
		{903A07DF-091F-4E1F-94B1-EEA60261057B}.Release|x64.Deploy.0 = Release|x64
		{903A07DF-091F-4E1F-94B1-EEA60261057B}.Release|x86.ActiveCfg = Release|x86
		{903A07DF-091F-4E1F-94B1-EEA60261057B}.Release|x86.Build.0 = Release|x86
		{903A07DF-091F-4E1F-94B1-EEA60261057B}.Release|x86.Deploy.0 = Release|x86
		{9EBF54FD-4EBF-4F49-96A6-69279A2D8DDF}.Debug|Any CPU.ActiveCfg = Debug|Any CPU
		{9EBF54FD-4EBF-4F49-96A6-69279A2D8DDF}.Debug|Any CPU.Build.0 = Debug|Any CPU
		{9EBF54FD-4EBF-4F49-96A6-69279A2D8DDF}.Debug|ARM.ActiveCfg = Debug|ARM
		{9EBF54FD-4EBF-4F49-96A6-69279A2D8DDF}.Debug|ARM.Build.0 = Debug|ARM
		{9EBF54FD-4EBF-4F49-96A6-69279A2D8DDF}.Debug|x64.ActiveCfg = Debug|x64
		{9EBF54FD-4EBF-4F49-96A6-69279A2D8DDF}.Debug|x64.Build.0 = Debug|x64
		{9EBF54FD-4EBF-4F49-96A6-69279A2D8DDF}.Debug|x86.ActiveCfg = Debug|x86
		{9EBF54FD-4EBF-4F49-96A6-69279A2D8DDF}.Debug|x86.Build.0 = Debug|x86
		{9EBF54FD-4EBF-4F49-96A6-69279A2D8DDF}.Release|Any CPU.ActiveCfg = Release|Any CPU
		{9EBF54FD-4EBF-4F49-96A6-69279A2D8DDF}.Release|Any CPU.Build.0 = Release|Any CPU
		{9EBF54FD-4EBF-4F49-96A6-69279A2D8DDF}.Release|ARM.ActiveCfg = Release|ARM
		{9EBF54FD-4EBF-4F49-96A6-69279A2D8DDF}.Release|ARM.Build.0 = Release|ARM
		{9EBF54FD-4EBF-4F49-96A6-69279A2D8DDF}.Release|x64.ActiveCfg = Release|x64
		{9EBF54FD-4EBF-4F49-96A6-69279A2D8DDF}.Release|x64.Build.0 = Release|x64
		{9EBF54FD-4EBF-4F49-96A6-69279A2D8DDF}.Release|x86.ActiveCfg = Release|x86
		{9EBF54FD-4EBF-4F49-96A6-69279A2D8DDF}.Release|x86.Build.0 = Release|x86
	EndGlobalSection
	GlobalSection(SolutionProperties) = preSolution
		HideSolutionNode = FALSE
	EndGlobalSection
EndGlobal
